// !$*UTF8*$!
{
	archiveVersion = 1;
	classes = {
	};
	objectVersion = 77;
	objects = {

/* Begin PBXBuildFile section */
		0561676D8742F0DD2BEFEA04 /* Exporter.swift in Sources */ = {isa = PBXBuildFile; fileRef = 7EF3D0BC213CFAD278374FBC /* Exporter.swift */; };
		0794C63974E2C2D369AA036B /* PanelLayout.swift in Sources */ = {isa = PBXBuildFile; fileRef = AD4845A6F5B1C00177A99BE7 /* PanelLayout.swift */; };
		0B1170670780B5186BA3F6B5 /* SessionLog.swift in Sources */ = {isa = PBXBuildFile; fileRef = 4A3DBA7797A8AD0AE9AFDDE6 /* SessionLog.swift */; };
		0F5B04B1B384B28A7B0BB1AE /* SettingsUpdateTests.swift in Sources */ = {isa = PBXBuildFile; fileRef = C4FD6B4B8255F142369D0102 /* SettingsUpdateTests.swift */; };
		1151130CAC206CB061A62F70 /* SessionLogTests.swift in Sources */ = {isa = PBXBuildFile; fileRef = E308D36E67CAF111B0C58E5F /* SessionLogTests.swift */; };
		15CA3655F1796795E68EBE30 /* WindowPlacementTests.swift in Sources */ = {isa = PBXBuildFile; fileRef = D61EE04AF92136EFA6E772CB /* WindowPlacementTests.swift */; };
		160440287091BF9B30024342 /* ProjectColor.swift in Sources */ = {isa = PBXBuildFile; fileRef = 479807AE812434A516F33DC1 /* ProjectColor.swift */; };
		190D804D2284B27141149A36 /* PanelController.swift in Sources */ = {isa = PBXBuildFile; fileRef = A21E0041D98ACE2DC1074351 /* PanelController.swift */; };
		1D4821BB3F5B76A4612AA394 /* FakeClock.swift in Sources */ = {isa = PBXBuildFile; fileRef = 6C9FB32A42E6DCAAFB02F4D1 /* FakeClock.swift */; };
		1DFC95FD5267D8087C78B484 /* ExporterTests.swift in Sources */ = {isa = PBXBuildFile; fileRef = E3F83CB4F2CB09DA3AD3F201 /* ExporterTests.swift */; };
		1EC928319584BEB7E6E4E9FE /* AppStateStore.swift in Sources */ = {isa = PBXBuildFile; fileRef = FF1176F0ECACA0C8725C9FD9 /* AppStateStore.swift */; };
		21D72AFD7D99466F8C9A9F8C /* RowMenu.swift in Sources */ = {isa = PBXBuildFile; fileRef = 9F52743998B4DAC942C196C5 /* RowMenu.swift */; };
		24B916D8CE3A3D34E804D35F /* Project.swift in Sources */ = {isa = PBXBuildFile; fileRef = DF717BFA6CEF2908F4AD2851 /* Project.swift */; };
		24D8D8473B31EB4564817EE0 /* PanelView.swift in Sources */ = {isa = PBXBuildFile; fileRef = 552E1450F010D6EA88DCA6D1 /* PanelView.swift */; };
		27B3C205B24CEAC274CEF7DD /* Palette.swift in Sources */ = {isa = PBXBuildFile; fileRef = 57E582B15577ADAA5B600123 /* Palette.swift */; };
		2855A668348C5970A6914DE0 /* PanelLayoutTests.swift in Sources */ = {isa = PBXBuildFile; fileRef = 5A090BA2343AF74A764C3689 /* PanelLayoutTests.swift */; };
		2A139BF6945951E00D5D64E4 /* ProjectRowView.swift in Sources */ = {isa = PBXBuildFile; fileRef = 34AD318E5DDE2DD02F4C3D4A /* ProjectRowView.swift */; };
		2DCD15ECFEEA9BF4B33C343B /* EscapeKeyMonitor.swift in Sources */ = {isa = PBXBuildFile; fileRef = D5EEB7F3734E0052E94A5D9B /* EscapeKeyMonitor.swift */; };
		3B54BDF040A8DC34B676B63E /* MenuBarController.swift in Sources */ = {isa = PBXBuildFile; fileRef = 91DC75B660B104A26724BEC1 /* MenuBarController.swift */; };
		3F28DFF162C8E7DDDC650A8A /* FirstMouseHostingView.swift in Sources */ = {isa = PBXBuildFile; fileRef = BF06DF3E961E29EF3849DCE5 /* FirstMouseHostingView.swift */; };
		44B528B5DD8AD3C873F29979 /* DesktopPanel.swift in Sources */ = {isa = PBXBuildFile; fileRef = 321531D26236214E7C9F13F2 /* DesktopPanel.swift */; };
		46F6541872069F852A1E1702 /* AppInfo.swift in Sources */ = {isa = PBXBuildFile; fileRef = D6972E5D1FBCCFD9244F3D2D /* AppInfo.swift */; };
		4BD2A11950F0ABF22469DA86 /* ProjectStore.swift in Sources */ = {isa = PBXBuildFile; fileRef = 64E842D8239303E6FD9E21E7 /* ProjectStore.swift */; };
		51AE1464C720A4035D8F69D9 /* PanelKeyWindow.swift in Sources */ = {isa = PBXBuildFile; fileRef = 0C0C39299CD9527DF0254DD1 /* PanelKeyWindow.swift */; };
		51DD3D8DD33653EDB469D98F /* Session.swift in Sources */ = {isa = PBXBuildFile; fileRef = CA84A5B292B3CDD71692D636 /* Session.swift */; };
		56EE90314CF6AF6EBC6B650F /* CSV.swift in Sources */ = {isa = PBXBuildFile; fileRef = E50632E2919675274CE753BB /* CSV.swift */; };
		570453A6EB62F99C20F7450E /* AppStateStoreTests.swift in Sources */ = {isa = PBXBuildFile; fileRef = C348482826F44095F6BFB308 /* AppStateStoreTests.swift */; };
		60D051FE66C8FF7EA1425F26 /* Assets.xcassets in Resources */ = {isa = PBXBuildFile; fileRef = 7C64C65D013680B18B182219 /* Assets.xcassets */; };
		68C628614025984A69D645BE /* TimerEngine.swift in Sources */ = {isa = PBXBuildFile; fileRef = 113A6E514D0107862AB18336 /* TimerEngine.swift */; };
		68ED4594EE5409AF0FC48685 /* DragHandleView.swift in Sources */ = {isa = PBXBuildFile; fileRef = 6FBC547C53A9FC4D3150B9BE /* DragHandleView.swift */; };
		6AF9B6D40B1C53FEAC1687BB /* WindowPlacement.swift in Sources */ = {isa = PBXBuildFile; fileRef = 0D6251E7AA25F5E12C3CDE97 /* WindowPlacement.swift */; };
		6B0E95F6EDEB69CB233AD218 /* LoginItem.swift in Sources */ = {isa = PBXBuildFile; fileRef = 76479D06F417404EAFE7A134 /* LoginItem.swift */; };
		6B98A3D064BA6FE281B9D3E0 /* Settings.swift in Sources */ = {isa = PBXBuildFile; fileRef = 0F539812446C0D368CD9C063 /* Settings.swift */; };
		7337A848613E4B854BD5CCED /* AppDelegate.swift in Sources */ = {isa = PBXBuildFile; fileRef = DFC004726E7835495A3713EE /* AppDelegate.swift */; };
		7604A4F3DB64A37932C43E8D /* TrackingDay.swift in Sources */ = {isa = PBXBuildFile; fileRef = 47AD655E90FEA408EE436F8F /* TrackingDay.swift */; };
		76B3D69B5C7D31280E653209 /* ArchiveWriter.swift in Sources */ = {isa = PBXBuildFile; fileRef = 9AD4A439E43191C49D097E5F /* ArchiveWriter.swift */; };
		8231F49A9252B2CF8B5598E4 /* AppPaths.swift in Sources */ = {isa = PBXBuildFile; fileRef = F9DE8C2EA1479FF4D2521770 /* AppPaths.swift */; };
		85B9F3327AF629972479635B /* ProjectColorTests.swift in Sources */ = {isa = PBXBuildFile; fileRef = 65AFB2EB5D1CF162B30DE20C /* ProjectColorTests.swift */; };
		86B528732287660FB930A905 /* HeaderView.swift in Sources */ = {isa = PBXBuildFile; fileRef = FE43F1E0AADA8A697F6C81B1 /* HeaderView.swift */; };
		87C769373B6312507E89D9FB /* TimeFormatting.swift in Sources */ = {isa = PBXBuildFile; fileRef = 33FFECA7C3F0AE4D2BDA0877 /* TimeFormatting.swift */; };
		8CEA75BA7D0D55ABEDE65003 /* Clock.swift in Sources */ = {isa = PBXBuildFile; fileRef = AEA9CCF4E908EFD42D1FAA1D /* Clock.swift */; };
		8F861D75148662B81743DE20 /* FooterView.swift in Sources */ = {isa = PBXBuildFile; fileRef = 3178C324D6C7F98B6CAC549F /* FooterView.swift */; };
		910C2740653A8245DB3235BB /* ExportRangeTests.swift in Sources */ = {isa = PBXBuildFile; fileRef = B53C078446DEE54985F93305 /* ExportRangeTests.swift */; };
		9226C40D4CC74BA140277743 /* TimerEngineTests.swift in Sources */ = {isa = PBXBuildFile; fileRef = 81B340BD7A70FDD0FBF444BE /* TimerEngineTests.swift */; };
		95A49F503D8D715E50E18739 /* TrackingDayTests.swift in Sources */ = {isa = PBXBuildFile; fileRef = 630175B4B802C36BFF115BF7 /* TrackingDayTests.swift */; };
		AA6A30DEFE623D6DDDEA9376 /* ChronosApp.swift in Sources */ = {isa = PBXBuildFile; fileRef = 145B805DB178287DD8009EB4 /* ChronosApp.swift */; };
		AD5336528A2FBA450795FA65 /* JSONDates.swift in Sources */ = {isa = PBXBuildFile; fileRef = 38D7E1E521591A20C7B38AFD /* JSONDates.swift */; };
		B54E7A99C33DC9368EC1E58B /* SettingsWindowController.swift in Sources */ = {isa = PBXBuildFile; fileRef = 890DC83EB6D12B69F4787D7A /* SettingsWindowController.swift */; };
		B9CADF313F287AB2569F02FD /* CSVTests.swift in Sources */ = {isa = PBXBuildFile; fileRef = E84CE11DC72863BF3CCBCB87 /* CSVTests.swift */; };
		C667D84D3D0D12A3211A93C2 /* TimeFormattingTests.swift in Sources */ = {isa = PBXBuildFile; fileRef = 7277896A1BE1F112E87DDE3E /* TimeFormattingTests.swift */; };
		C6A80282F37AE9132DCC2955 /* JSONFile.swift in Sources */ = {isa = PBXBuildFile; fileRef = 9E29821F10B4AFF3BAD2AA9F /* JSONFile.swift */; };
		C7919C23EBE5C478155DF1DA /* AppInfoTests.swift in Sources */ = {isa = PBXBuildFile; fileRef = 9B2E7FEF87AD3378525B4FE0 /* AppInfoTests.swift */; };
		CDA1CF747AC6C7AC231748BF /* RolloverScheduler.swift in Sources */ = {isa = PBXBuildFile; fileRef = 3CB20A1B07989CE87B974DD1 /* RolloverScheduler.swift */; };
		D30E46CBF68C1D170E2D5B5B /* ArchivedDay.swift in Sources */ = {isa = PBXBuildFile; fileRef = 6A88F83BE78A9471E68585EB /* ArchivedDay.swift */; };
		E09BAA0FD229703F3D58B246 /* SettingsView.swift in Sources */ = {isa = PBXBuildFile; fileRef = F1845F46DDEE463F7ADA294C /* SettingsView.swift */; };
		FA4DD23B8FF17C885F60F539 /* RolloverTests.swift in Sources */ = {isa = PBXBuildFile; fileRef = E1CC063742329C087CEC965D /* RolloverTests.swift */; };
/* End PBXBuildFile section */

/* Begin PBXContainerItemProxy section */
		AE1EB2C4B42A5CEA9E2A8DCF /* PBXContainerItemProxy */ = {
			isa = PBXContainerItemProxy;
			containerPortal = C6FB1846F97FA4CDD3C8DDEF /* Project object */;
			proxyType = 1;
			remoteGlobalIDString = 5871DACA6C9B1D609E5233AF;
			remoteInfo = Chronos;
		};
/* End PBXContainerItemProxy section */

/* Begin PBXFileReference section */
		0C0C39299CD9527DF0254DD1 /* PanelKeyWindow.swift */ = {isa = PBXFileReference; lastKnownFileType = sourcecode.swift; path = PanelKeyWindow.swift; sourceTree = "<group>"; };
		0D6251E7AA25F5E12C3CDE97 /* WindowPlacement.swift */ = {isa = PBXFileReference; lastKnownFileType = sourcecode.swift; path = WindowPlacement.swift; sourceTree = "<group>"; };
		0F539812446C0D368CD9C063 /* Settings.swift */ = {isa = PBXFileReference; lastKnownFileType = sourcecode.swift; path = Settings.swift; sourceTree = "<group>"; };
		113A6E514D0107862AB18336 /* TimerEngine.swift */ = {isa = PBXFileReference; lastKnownFileType = sourcecode.swift; path = TimerEngine.swift; sourceTree = "<group>"; };
		145B805DB178287DD8009EB4 /* ChronosApp.swift */ = {isa = PBXFileReference; lastKnownFileType = sourcecode.swift; path = ChronosApp.swift; sourceTree = "<group>"; };
		3178C324D6C7F98B6CAC549F /* FooterView.swift */ = {isa = PBXFileReference; lastKnownFileType = sourcecode.swift; path = FooterView.swift; sourceTree = "<group>"; };
		321531D26236214E7C9F13F2 /* DesktopPanel.swift */ = {isa = PBXFileReference; lastKnownFileType = sourcecode.swift; path = DesktopPanel.swift; sourceTree = "<group>"; };
		33FFECA7C3F0AE4D2BDA0877 /* TimeFormatting.swift */ = {isa = PBXFileReference; lastKnownFileType = sourcecode.swift; path = TimeFormatting.swift; sourceTree = "<group>"; };
		34AD318E5DDE2DD02F4C3D4A /* ProjectRowView.swift */ = {isa = PBXFileReference; lastKnownFileType = sourcecode.swift; path = ProjectRowView.swift; sourceTree = "<group>"; };
		38D7E1E521591A20C7B38AFD /* JSONDates.swift */ = {isa = PBXFileReference; lastKnownFileType = sourcecode.swift; path = JSONDates.swift; sourceTree = "<group>"; };
		3CB20A1B07989CE87B974DD1 /* RolloverScheduler.swift */ = {isa = PBXFileReference; lastKnownFileType = sourcecode.swift; path = RolloverScheduler.swift; sourceTree = "<group>"; };
		479807AE812434A516F33DC1 /* ProjectColor.swift */ = {isa = PBXFileReference; lastKnownFileType = sourcecode.swift; path = ProjectColor.swift; sourceTree = "<group>"; };
		47AD655E90FEA408EE436F8F /* TrackingDay.swift */ = {isa = PBXFileReference; lastKnownFileType = sourcecode.swift; path = TrackingDay.swift; sourceTree = "<group>"; };
		4A3DBA7797A8AD0AE9AFDDE6 /* SessionLog.swift */ = {isa = PBXFileReference; lastKnownFileType = sourcecode.swift; path = SessionLog.swift; sourceTree = "<group>"; };
		4E1975A24B11F75885C1C9DF /* Chronos.app */ = {isa = PBXFileReference; explicitFileType = wrapper.application; includeInIndex = 0; path = Chronos.app; sourceTree = BUILT_PRODUCTS_DIR; };
		552E1450F010D6EA88DCA6D1 /* PanelView.swift */ = {isa = PBXFileReference; lastKnownFileType = sourcecode.swift; path = PanelView.swift; sourceTree = "<group>"; };
		57E582B15577ADAA5B600123 /* Palette.swift */ = {isa = PBXFileReference; lastKnownFileType = sourcecode.swift; path = Palette.swift; sourceTree = "<group>"; };
		5A090BA2343AF74A764C3689 /* PanelLayoutTests.swift */ = {isa = PBXFileReference; lastKnownFileType = sourcecode.swift; path = PanelLayoutTests.swift; sourceTree = "<group>"; };
		608E08E79B550E22094B1A9D /* Info.plist */ = {isa = PBXFileReference; lastKnownFileType = text.plist; path = Info.plist; sourceTree = "<group>"; };
		630175B4B802C36BFF115BF7 /* TrackingDayTests.swift */ = {isa = PBXFileReference; lastKnownFileType = sourcecode.swift; path = TrackingDayTests.swift; sourceTree = "<group>"; };
		64E842D8239303E6FD9E21E7 /* ProjectStore.swift */ = {isa = PBXFileReference; lastKnownFileType = sourcecode.swift; path = ProjectStore.swift; sourceTree = "<group>"; };
		65AFB2EB5D1CF162B30DE20C /* ProjectColorTests.swift */ = {isa = PBXFileReference; lastKnownFileType = sourcecode.swift; path = ProjectColorTests.swift; sourceTree = "<group>"; };
		6A88F83BE78A9471E68585EB /* ArchivedDay.swift */ = {isa = PBXFileReference; lastKnownFileType = sourcecode.swift; path = ArchivedDay.swift; sourceTree = "<group>"; };
		6C9FB32A42E6DCAAFB02F4D1 /* FakeClock.swift */ = {isa = PBXFileReference; lastKnownFileType = sourcecode.swift; path = FakeClock.swift; sourceTree = "<group>"; };
		6FBC547C53A9FC4D3150B9BE /* DragHandleView.swift */ = {isa = PBXFileReference; lastKnownFileType = sourcecode.swift; path = DragHandleView.swift; sourceTree = "<group>"; };
		7277896A1BE1F112E87DDE3E /* TimeFormattingTests.swift */ = {isa = PBXFileReference; lastKnownFileType = sourcecode.swift; path = TimeFormattingTests.swift; sourceTree = "<group>"; };
		76479D06F417404EAFE7A134 /* LoginItem.swift */ = {isa = PBXFileReference; lastKnownFileType = sourcecode.swift; path = LoginItem.swift; sourceTree = "<group>"; };
		7A106CA127562905F7FB7CCB /* ChronosTests.xctest */ = {isa = PBXFileReference; explicitFileType = wrapper.cfbundle; includeInIndex = 0; path = ChronosTests.xctest; sourceTree = BUILT_PRODUCTS_DIR; };
		7C64C65D013680B18B182219 /* Assets.xcassets */ = {isa = PBXFileReference; lastKnownFileType = folder.assetcatalog; path = Assets.xcassets; sourceTree = "<group>"; };
		7EF3D0BC213CFAD278374FBC /* Exporter.swift */ = {isa = PBXFileReference; lastKnownFileType = sourcecode.swift; path = Exporter.swift; sourceTree = "<group>"; };
		81B340BD7A70FDD0FBF444BE /* TimerEngineTests.swift */ = {isa = PBXFileReference; lastKnownFileType = sourcecode.swift; path = TimerEngineTests.swift; sourceTree = "<group>"; };
		890DC83EB6D12B69F4787D7A /* SettingsWindowController.swift */ = {isa = PBXFileReference; lastKnownFileType = sourcecode.swift; path = SettingsWindowController.swift; sourceTree = "<group>"; };
		91DC75B660B104A26724BEC1 /* MenuBarController.swift */ = {isa = PBXFileReference; lastKnownFileType = sourcecode.swift; path = MenuBarController.swift; sourceTree = "<group>"; };
		9AD4A439E43191C49D097E5F /* ArchiveWriter.swift */ = {isa = PBXFileReference; lastKnownFileType = sourcecode.swift; path = ArchiveWriter.swift; sourceTree = "<group>"; };
		9B2E7FEF87AD3378525B4FE0 /* AppInfoTests.swift */ = {isa = PBXFileReference; lastKnownFileType = sourcecode.swift; path = AppInfoTests.swift; sourceTree = "<group>"; };
		9E29821F10B4AFF3BAD2AA9F /* JSONFile.swift */ = {isa = PBXFileReference; lastKnownFileType = sourcecode.swift; path = JSONFile.swift; sourceTree = "<group>"; };
		9F52743998B4DAC942C196C5 /* RowMenu.swift */ = {isa = PBXFileReference; lastKnownFileType = sourcecode.swift; path = RowMenu.swift; sourceTree = "<group>"; };
		A21E0041D98ACE2DC1074351 /* PanelController.swift */ = {isa = PBXFileReference; lastKnownFileType = sourcecode.swift; path = PanelController.swift; sourceTree = "<group>"; };
		AD4845A6F5B1C00177A99BE7 /* PanelLayout.swift */ = {isa = PBXFileReference; lastKnownFileType = sourcecode.swift; path = PanelLayout.swift; sourceTree = "<group>"; };
		AEA9CCF4E908EFD42D1FAA1D /* Clock.swift */ = {isa = PBXFileReference; lastKnownFileType = sourcecode.swift; path = Clock.swift; sourceTree = "<group>"; };
		B53C078446DEE54985F93305 /* ExportRangeTests.swift */ = {isa = PBXFileReference; lastKnownFileType = sourcecode.swift; path = ExportRangeTests.swift; sourceTree = "<group>"; };
		BF06DF3E961E29EF3849DCE5 /* FirstMouseHostingView.swift */ = {isa = PBXFileReference; lastKnownFileType = sourcecode.swift; path = FirstMouseHostingView.swift; sourceTree = "<group>"; };
		C348482826F44095F6BFB308 /* AppStateStoreTests.swift */ = {isa = PBXFileReference; lastKnownFileType = sourcecode.swift; path = AppStateStoreTests.swift; sourceTree = "<group>"; };
		C4FD6B4B8255F142369D0102 /* SettingsUpdateTests.swift */ = {isa = PBXFileReference; lastKnownFileType = sourcecode.swift; path = SettingsUpdateTests.swift; sourceTree = "<group>"; };
		CA84A5B292B3CDD71692D636 /* Session.swift */ = {isa = PBXFileReference; lastKnownFileType = sourcecode.swift; path = Session.swift; sourceTree = "<group>"; };
		D5EEB7F3734E0052E94A5D9B /* EscapeKeyMonitor.swift */ = {isa = PBXFileReference; lastKnownFileType = sourcecode.swift; path = EscapeKeyMonitor.swift; sourceTree = "<group>"; };
		D61EE04AF92136EFA6E772CB /* WindowPlacementTests.swift */ = {isa = PBXFileReference; lastKnownFileType = sourcecode.swift; path = WindowPlacementTests.swift; sourceTree = "<group>"; };
		D6972E5D1FBCCFD9244F3D2D /* AppInfo.swift */ = {isa = PBXFileReference; lastKnownFileType = sourcecode.swift; path = AppInfo.swift; sourceTree = "<group>"; };
		DF717BFA6CEF2908F4AD2851 /* Project.swift */ = {isa = PBXFileReference; lastKnownFileType = sourcecode.swift; path = Project.swift; sourceTree = "<group>"; };
		DFC004726E7835495A3713EE /* AppDelegate.swift */ = {isa = PBXFileReference; lastKnownFileType = sourcecode.swift; path = AppDelegate.swift; sourceTree = "<group>"; };
		E1CC063742329C087CEC965D /* RolloverTests.swift */ = {isa = PBXFileReference; lastKnownFileType = sourcecode.swift; path = RolloverTests.swift; sourceTree = "<group>"; };
		E308D36E67CAF111B0C58E5F /* SessionLogTests.swift */ = {isa = PBXFileReference; lastKnownFileType = sourcecode.swift; path = SessionLogTests.swift; sourceTree = "<group>"; };
		E3F83CB4F2CB09DA3AD3F201 /* ExporterTests.swift */ = {isa = PBXFileReference; lastKnownFileType = sourcecode.swift; path = ExporterTests.swift; sourceTree = "<group>"; };
		E50632E2919675274CE753BB /* CSV.swift */ = {isa = PBXFileReference; lastKnownFileType = sourcecode.swift; path = CSV.swift; sourceTree = "<group>"; };
		E84CE11DC72863BF3CCBCB87 /* CSVTests.swift */ = {isa = PBXFileReference; lastKnownFileType = sourcecode.swift; path = CSVTests.swift; sourceTree = "<group>"; };
		F1845F46DDEE463F7ADA294C /* SettingsView.swift */ = {isa = PBXFileReference; lastKnownFileType = sourcecode.swift; path = SettingsView.swift; sourceTree = "<group>"; };
		F9DE8C2EA1479FF4D2521770 /* AppPaths.swift */ = {isa = PBXFileReference; lastKnownFileType = sourcecode.swift; path = AppPaths.swift; sourceTree = "<group>"; };
		FE43F1E0AADA8A697F6C81B1 /* HeaderView.swift */ = {isa = PBXFileReference; lastKnownFileType = sourcecode.swift; path = HeaderView.swift; sourceTree = "<group>"; };
		FF1176F0ECACA0C8725C9FD9 /* AppStateStore.swift */ = {isa = PBXFileReference; lastKnownFileType = sourcecode.swift; path = AppStateStore.swift; sourceTree = "<group>"; };
/* End PBXFileReference section */

/* Begin PBXGroup section */
		4913E739C8FB619F6EC5A013 /* ChronosTests */ = {
			isa = PBXGroup;
			children = (
				9B2E7FEF87AD3378525B4FE0 /* AppInfoTests.swift */,
				C348482826F44095F6BFB308 /* AppStateStoreTests.swift */,
				E84CE11DC72863BF3CCBCB87 /* CSVTests.swift */,
				E3F83CB4F2CB09DA3AD3F201 /* ExporterTests.swift */,
				B53C078446DEE54985F93305 /* ExportRangeTests.swift */,
				6C9FB32A42E6DCAAFB02F4D1 /* FakeClock.swift */,
				5A090BA2343AF74A764C3689 /* PanelLayoutTests.swift */,
				65AFB2EB5D1CF162B30DE20C /* ProjectColorTests.swift */,
				E1CC063742329C087CEC965D /* RolloverTests.swift */,
				E308D36E67CAF111B0C58E5F /* SessionLogTests.swift */,
				C4FD6B4B8255F142369D0102 /* SettingsUpdateTests.swift */,
				7277896A1BE1F112E87DDE3E /* TimeFormattingTests.swift */,
				81B340BD7A70FDD0FBF444BE /* TimerEngineTests.swift */,
				630175B4B802C36BFF115BF7 /* TrackingDayTests.swift */,
				D61EE04AF92136EFA6E772CB /* WindowPlacementTests.swift */,
			);
			path = ChronosTests;
			sourceTree = "<group>";
		};
		4CC4489E4115F1C785F220FF /* App */ = {
			isa = PBXGroup;
			children = (
				DFC004726E7835495A3713EE /* AppDelegate.swift */,
				D6972E5D1FBCCFD9244F3D2D /* AppInfo.swift */,
				145B805DB178287DD8009EB4 /* ChronosApp.swift */,
				76479D06F417404EAFE7A134 /* LoginItem.swift */,
				91DC75B660B104A26724BEC1 /* MenuBarController.swift */,
			);
			path = App;
			sourceTree = "<group>";
		};
		59402344768994F0C6ADF32C /* Resources */ = {
			isa = PBXGroup;
			children = (
				7C64C65D013680B18B182219 /* Assets.xcassets */,
				608E08E79B550E22094B1A9D /* Info.plist */,
			);
			path = Resources;
			sourceTree = "<group>";
		};
		67157B795EC2A6F50F27604F /* Chronos */ = {
			isa = PBXGroup;
			children = (
				4CC4489E4115F1C785F220FF /* App */,
				9D45E186E38638D1BB13DA04 /* Engine */,
				6E2D4E859BD07A2B0BC9E765 /* Model */,
				59402344768994F0C6ADF32C /* Resources */,
				CC0D4D0EACB7E149D9507F43 /* Storage */,
				C705F38B202BDC3992E0AC55 /* UI */,
				74E41250BE509AA8101AB47B /* Window */,
			);
			path = Chronos;
			sourceTree = "<group>";
		};
		6E2D4E859BD07A2B0BC9E765 /* Model */ = {
			isa = PBXGroup;
			children = (
				6A88F83BE78A9471E68585EB /* ArchivedDay.swift */,
				DF717BFA6CEF2908F4AD2851 /* Project.swift */,
				CA84A5B292B3CDD71692D636 /* Session.swift */,
				0F539812446C0D368CD9C063 /* Settings.swift */,
				47AD655E90FEA408EE436F8F /* TrackingDay.swift */,
			);
			path = Model;
			sourceTree = "<group>";
		};
		74E41250BE509AA8101AB47B /* Window */ = {
			isa = PBXGroup;
			children = (
				321531D26236214E7C9F13F2 /* DesktopPanel.swift */,
				6FBC547C53A9FC4D3150B9BE /* DragHandleView.swift */,
				BF06DF3E961E29EF3849DCE5 /* FirstMouseHostingView.swift */,
				A21E0041D98ACE2DC1074351 /* PanelController.swift */,
				0C0C39299CD9527DF0254DD1 /* PanelKeyWindow.swift */,
				890DC83EB6D12B69F4787D7A /* SettingsWindowController.swift */,
				0D6251E7AA25F5E12C3CDE97 /* WindowPlacement.swift */,
			);
			path = Window;
			sourceTree = "<group>";
		};
		9D45E186E38638D1BB13DA04 /* Engine */ = {
			isa = PBXGroup;
			children = (
				AEA9CCF4E908EFD42D1FAA1D /* Clock.swift */,
				3CB20A1B07989CE87B974DD1 /* RolloverScheduler.swift */,
				113A6E514D0107862AB18336 /* TimerEngine.swift */,
			);
			path = Engine;
			sourceTree = "<group>";
		};
		B17F40C65851B7179B878707 /* Products */ = {
			isa = PBXGroup;
			children = (
				4E1975A24B11F75885C1C9DF /* Chronos.app */,
				7A106CA127562905F7FB7CCB /* ChronosTests.xctest */,
			);
			name = Products;
			sourceTree = "<group>";
		};
		BF7E5351BC77403CBE6DCBD5 = {
			isa = PBXGroup;
			children = (
				67157B795EC2A6F50F27604F /* Chronos */,
				4913E739C8FB619F6EC5A013 /* ChronosTests */,
				B17F40C65851B7179B878707 /* Products */,
			);
			sourceTree = "<group>";
		};
		C705F38B202BDC3992E0AC55 /* UI */ = {
			isa = PBXGroup;
			children = (
				D5EEB7F3734E0052E94A5D9B /* EscapeKeyMonitor.swift */,
				3178C324D6C7F98B6CAC549F /* FooterView.swift */,
				FE43F1E0AADA8A697F6C81B1 /* HeaderView.swift */,
				57E582B15577ADAA5B600123 /* Palette.swift */,
				AD4845A6F5B1C00177A99BE7 /* PanelLayout.swift */,
				552E1450F010D6EA88DCA6D1 /* PanelView.swift */,
				479807AE812434A516F33DC1 /* ProjectColor.swift */,
				34AD318E5DDE2DD02F4C3D4A /* ProjectRowView.swift */,
				9F52743998B4DAC942C196C5 /* RowMenu.swift */,
				F1845F46DDEE463F7ADA294C /* SettingsView.swift */,
				33FFECA7C3F0AE4D2BDA0877 /* TimeFormatting.swift */,
			);
			path = UI;
			sourceTree = "<group>";
		};
		CC0D4D0EACB7E149D9507F43 /* Storage */ = {
			isa = PBXGroup;
			children = (
				F9DE8C2EA1479FF4D2521770 /* AppPaths.swift */,
				FF1176F0ECACA0C8725C9FD9 /* AppStateStore.swift */,
				9AD4A439E43191C49D097E5F /* ArchiveWriter.swift */,
				E50632E2919675274CE753BB /* CSV.swift */,
				7EF3D0BC213CFAD278374FBC /* Exporter.swift */,
				38D7E1E521591A20C7B38AFD /* JSONDates.swift */,
				9E29821F10B4AFF3BAD2AA9F /* JSONFile.swift */,
				64E842D8239303E6FD9E21E7 /* ProjectStore.swift */,
				4A3DBA7797A8AD0AE9AFDDE6 /* SessionLog.swift */,
			);
			path = Storage;
			sourceTree = "<group>";
		};
/* End PBXGroup section */

/* Begin PBXNativeTarget section */
		5871DACA6C9B1D609E5233AF /* Chronos */ = {
			isa = PBXNativeTarget;
			buildConfigurationList = B784A70DEAC5A6DAD8B00C10 /* Build configuration list for PBXNativeTarget "Chronos" */;
			buildPhases = (
				DF343E9ECB1F97A515678C90 /* Sources */,
				DF98227B99E58865AFD523B2 /* Resources */,
			);
			buildRules = (
			);
			dependencies = (
			);
			name = Chronos;
			packageProductDependencies = (
			);
			productName = Chronos;
			productReference = 4E1975A24B11F75885C1C9DF /* Chronos.app */;
			productType = "com.apple.product-type.application";
		};
		846DEA1958A989B2E8D8CAB7 /* ChronosTests */ = {
			isa = PBXNativeTarget;
			buildConfigurationList = C36FEDC791AA727A153F063F /* Build configuration list for PBXNativeTarget "ChronosTests" */;
			buildPhases = (
				AABBAD87A3CCE886682807C1 /* Sources */,
			);
			buildRules = (
			);
			dependencies = (
				6A448F0432BEBDCD1CF3B0B9 /* PBXTargetDependency */,
			);
			name = ChronosTests;
			packageProductDependencies = (
			);
			productName = ChronosTests;
			productReference = 7A106CA127562905F7FB7CCB /* ChronosTests.xctest */;
			productType = "com.apple.product-type.bundle.unit-test";
		};
/* End PBXNativeTarget section */

/* Begin PBXProject section */
		C6FB1846F97FA4CDD3C8DDEF /* Project object */ = {
			isa = PBXProject;
			attributes = {
				BuildIndependentTargetsInParallel = YES;
				LastUpgradeCheck = 1600;
				TargetAttributes = {
					5871DACA6C9B1D609E5233AF = {
						DevelopmentTeam = "";
						ProvisioningStyle = Manual;
					};
					846DEA1958A989B2E8D8CAB7 = {
						DevelopmentTeam = "";
						ProvisioningStyle = Manual;
					};
				};
			};
			buildConfigurationList = 0F41E70EE14FA321492628DE /* Build configuration list for PBXProject "Chronos" */;
			developmentRegion = en;
			hasScannedForEncodings = 0;
			knownRegions = (
				Base,
				en,
			);
			mainGroup = BF7E5351BC77403CBE6DCBD5;
			minimizedProjectReferenceProxies = 1;
			preferredProjectObjectVersion = 77;
			productRefGroup = B17F40C65851B7179B878707 /* Products */;
			projectDirPath = "";
			projectRoot = "";
			targets = (
				5871DACA6C9B1D609E5233AF /* Chronos */,
				846DEA1958A989B2E8D8CAB7 /* ChronosTests */,
			);
		};
/* End PBXProject section */

/* Begin PBXResourcesBuildPhase section */
		DF98227B99E58865AFD523B2 /* Resources */ = {
			isa = PBXResourcesBuildPhase;
			buildActionMask = 2147483647;
			files = (
				60D051FE66C8FF7EA1425F26 /* Assets.xcassets in Resources */,
			);
			runOnlyForDeploymentPostprocessing = 0;
		};
/* End PBXResourcesBuildPhase section */

/* Begin PBXSourcesBuildPhase section */
		AABBAD87A3CCE886682807C1 /* Sources */ = {
			isa = PBXSourcesBuildPhase;
			buildActionMask = 2147483647;
			files = (
				C7919C23EBE5C478155DF1DA /* AppInfoTests.swift in Sources */,
				570453A6EB62F99C20F7450E /* AppStateStoreTests.swift in Sources */,
				B9CADF313F287AB2569F02FD /* CSVTests.swift in Sources */,
				910C2740653A8245DB3235BB /* ExportRangeTests.swift in Sources */,
				1DFC95FD5267D8087C78B484 /* ExporterTests.swift in Sources */,
				1D4821BB3F5B76A4612AA394 /* FakeClock.swift in Sources */,
				2855A668348C5970A6914DE0 /* PanelLayoutTests.swift in Sources */,
				85B9F3327AF629972479635B /* ProjectColorTests.swift in Sources */,
				FA4DD23B8FF17C885F60F539 /* RolloverTests.swift in Sources */,
				1151130CAC206CB061A62F70 /* SessionLogTests.swift in Sources */,
				0F5B04B1B384B28A7B0BB1AE /* SettingsUpdateTests.swift in Sources */,
				C667D84D3D0D12A3211A93C2 /* TimeFormattingTests.swift in Sources */,
				9226C40D4CC74BA140277743 /* TimerEngineTests.swift in Sources */,
				95A49F503D8D715E50E18739 /* TrackingDayTests.swift in Sources */,
				15CA3655F1796795E68EBE30 /* WindowPlacementTests.swift in Sources */,
			);
			runOnlyForDeploymentPostprocessing = 0;
		};
		DF343E9ECB1F97A515678C90 /* Sources */ = {
			isa = PBXSourcesBuildPhase;
			buildActionMask = 2147483647;
			files = (
				7337A848613E4B854BD5CCED /* AppDelegate.swift in Sources */,
				46F6541872069F852A1E1702 /* AppInfo.swift in Sources */,
				8231F49A9252B2CF8B5598E4 /* AppPaths.swift in Sources */,
				1EC928319584BEB7E6E4E9FE /* AppStateStore.swift in Sources */,
				76B3D69B5C7D31280E653209 /* ArchiveWriter.swift in Sources */,
				D30E46CBF68C1D170E2D5B5B /* ArchivedDay.swift in Sources */,
				56EE90314CF6AF6EBC6B650F /* CSV.swift in Sources */,
				AA6A30DEFE623D6DDDEA9376 /* ChronosApp.swift in Sources */,
				8CEA75BA7D0D55ABEDE65003 /* Clock.swift in Sources */,
				44B528B5DD8AD3C873F29979 /* DesktopPanel.swift in Sources */,
				68ED4594EE5409AF0FC48685 /* DragHandleView.swift in Sources */,
				2DCD15ECFEEA9BF4B33C343B /* EscapeKeyMonitor.swift in Sources */,
				0561676D8742F0DD2BEFEA04 /* Exporter.swift in Sources */,
				3F28DFF162C8E7DDDC650A8A /* FirstMouseHostingView.swift in Sources */,
				8F861D75148662B81743DE20 /* FooterView.swift in Sources */,
				86B528732287660FB930A905 /* HeaderView.swift in Sources */,
				AD5336528A2FBA450795FA65 /* JSONDates.swift in Sources */,
				C6A80282F37AE9132DCC2955 /* JSONFile.swift in Sources */,
				6B0E95F6EDEB69CB233AD218 /* LoginItem.swift in Sources */,
				3B54BDF040A8DC34B676B63E /* MenuBarController.swift in Sources */,
				27B3C205B24CEAC274CEF7DD /* Palette.swift in Sources */,
				190D804D2284B27141149A36 /* PanelController.swift in Sources */,
				51AE1464C720A4035D8F69D9 /* PanelKeyWindow.swift in Sources */,
				0794C63974E2C2D369AA036B /* PanelLayout.swift in Sources */,
				24D8D8473B31EB4564817EE0 /* PanelView.swift in Sources */,
				24B916D8CE3A3D34E804D35F /* Project.swift in Sources */,
				160440287091BF9B30024342 /* ProjectColor.swift in Sources */,
				2A139BF6945951E00D5D64E4 /* ProjectRowView.swift in Sources */,
				4BD2A11950F0ABF22469DA86 /* ProjectStore.swift in Sources */,
				CDA1CF747AC6C7AC231748BF /* RolloverScheduler.swift in Sources */,
				21D72AFD7D99466F8C9A9F8C /* RowMenu.swift in Sources */,
				51DD3D8DD33653EDB469D98F /* Session.swift in Sources */,
				0B1170670780B5186BA3F6B5 /* SessionLog.swift in Sources */,
				6B98A3D064BA6FE281B9D3E0 /* Settings.swift in Sources */,
				E09BAA0FD229703F3D58B246 /* SettingsView.swift in Sources */,
				B54E7A99C33DC9368EC1E58B /* SettingsWindowController.swift in Sources */,
				87C769373B6312507E89D9FB /* TimeFormatting.swift in Sources */,
				68C628614025984A69D645BE /* TimerEngine.swift in Sources */,
				7604A4F3DB64A37932C43E8D /* TrackingDay.swift in Sources */,
				6AF9B6D40B1C53FEAC1687BB /* WindowPlacement.swift in Sources */,
			);
			runOnlyForDeploymentPostprocessing = 0;
		};
/* End PBXSourcesBuildPhase section */

/* Begin PBXTargetDependency section */
		6A448F0432BEBDCD1CF3B0B9 /* PBXTargetDependency */ = {
			isa = PBXTargetDependency;
			target = 5871DACA6C9B1D609E5233AF /* Chronos */;
			targetProxy = AE1EB2C4B42A5CEA9E2A8DCF /* PBXContainerItemProxy */;
		};
/* End PBXTargetDependency section */

/* Begin XCBuildConfiguration section */
		3125C13BCBC080E209097D26 /* Debug */ = {
			isa = XCBuildConfiguration;
			buildSettings = {
				ALWAYS_SEARCH_USER_PATHS = NO;
				CLANG_ANALYZER_NONNULL = YES;
				CLANG_ANALYZER_NUMBER_OBJECT_CONVERSION = YES_AGGRESSIVE;
				CLANG_CXX_LANGUAGE_STANDARD = "gnu++14";
				CLANG_CXX_LIBRARY = "libc++";
				CLANG_ENABLE_MODULES = YES;
				CLANG_ENABLE_OBJC_ARC = YES;
				CLANG_ENABLE_OBJC_WEAK = YES;
				CLANG_WARN_BLOCK_CAPTURE_AUTORELEASING = YES;
				CLANG_WARN_BOOL_CONVERSION = YES;
				CLANG_WARN_COMMA = YES;
				CLANG_WARN_CONSTANT_CONVERSION = YES;
				CLANG_WARN_DEPRECATED_OBJC_IMPLEMENTATIONS = YES;
				CLANG_WARN_DIRECT_OBJC_ISA_USAGE = YES_ERROR;
				CLANG_WARN_DOCUMENTATION_COMMENTS = YES;
				CLANG_WARN_EMPTY_BODY = YES;
				CLANG_WARN_ENUM_CONVERSION = YES;
				CLANG_WARN_INFINITE_RECURSION = YES;
				CLANG_WARN_INT_CONVERSION = YES;
				CLANG_WARN_NON_LITERAL_NULL_CONVERSION = YES;
				CLANG_WARN_OBJC_IMPLICIT_RETAIN_SELF = YES;
				CLANG_WARN_OBJC_LITERAL_CONVERSION = YES;
				CLANG_WARN_OBJC_ROOT_CLASS = YES_ERROR;
				CLANG_WARN_QUOTED_INCLUDE_IN_FRAMEWORK_HEADER = YES;
				CLANG_WARN_RANGE_LOOP_ANALYSIS = YES;
				CLANG_WARN_STRICT_PROTOTYPES = YES;
				CLANG_WARN_SUSPICIOUS_MOVE = YES;
				CLANG_WARN_UNGUARDED_AVAILABILITY = YES_AGGRESSIVE;
				CLANG_WARN_UNREACHABLE_CODE = YES;
				CLANG_WARN__DUPLICATE_METHOD_MATCH = YES;
				CODE_SIGN_IDENTITY = "-";
				CODE_SIGN_STYLE = Manual;
				COPY_PHASE_STRIP = NO;
				CURRENT_PROJECT_VERSION = 1;
				DEAD_CODE_STRIPPING = YES;
				DEBUG_INFORMATION_FORMAT = dwarf;
				DEVELOPMENT_TEAM = "";
				ENABLE_APP_SANDBOX = NO;
				ENABLE_HARDENED_RUNTIME = YES;
				ENABLE_STRICT_OBJC_MSGSEND = YES;
				ENABLE_TESTABILITY = YES;
				GCC_C_LANGUAGE_STANDARD = gnu11;
				GCC_DYNAMIC_NO_PIC = NO;
				GCC_NO_COMMON_BLOCKS = YES;
				GCC_OPTIMIZATION_LEVEL = 0;
				GCC_PREPROCESSOR_DEFINITIONS = (
					"$(inherited)",
					"DEBUG=1",
				);
				GCC_WARN_64_TO_32_BIT_CONVERSION = YES;
				GCC_WARN_ABOUT_RETURN_TYPE = YES_ERROR;
				GCC_WARN_UNDECLARED_SELECTOR = YES;
				GCC_WARN_UNINITIALIZED_AUTOS = YES_AGGRESSIVE;
				GCC_WARN_UNUSED_FUNCTION = YES;
				GCC_WARN_UNUSED_VARIABLE = YES;
				MACOSX_DEPLOYMENT_TARGET = 14.0;
				MARKETING_VERSION = 0.1.0;
				MTL_ENABLE_DEBUG_INFO = INCLUDE_SOURCE;
				MTL_FAST_MATH = YES;
				ONLY_ACTIVE_ARCH = YES;
				PRODUCT_NAME = "$(TARGET_NAME)";
				SDKROOT = macosx;
				SWIFT_ACTIVE_COMPILATION_CONDITIONS = DEBUG;
				SWIFT_OPTIMIZATION_LEVEL = "-Onone";
				SWIFT_STRICT_CONCURRENCY = complete;
				SWIFT_VERSION = 6.0;
			};
			name = Debug;
		};
		4CF6D6F7A38EA4D110AC61CA /* Release */ = {
			isa = XCBuildConfiguration;
			buildSettings = {
				ASSETCATALOG_COMPILER_APPICON_NAME = AppIcon;
				ASSETCATALOG_COMPILER_GLOBAL_ACCENT_COLOR_NAME = AccentColor;
				COMBINE_HIDPI_IMAGES = YES;
				INFOPLIST_FILE = Chronos/Resources/Info.plist;
				LD_RUNPATH_SEARCH_PATHS = (
					"$(inherited)",
					"@executable_path/../Frameworks",
				);
				PRODUCT_BUNDLE_IDENTIFIER = io.chronos.Chronos;
				PRODUCT_NAME = Chronos;
				SDKROOT = macosx;
			};
			name = Release;
		};
		4D5A8B4CED369693FF5F80D6 /* Debug */ = {
			isa = XCBuildConfiguration;
			buildSettings = {
				BUNDLE_LOADER = "$(TEST_HOST)";
				CODE_SIGN_IDENTITY = "-";
				COMBINE_HIDPI_IMAGES = YES;
				GENERATE_INFOPLIST_FILE = YES;
				LD_RUNPATH_SEARCH_PATHS = (
					"$(inherited)",
					"@executable_path/../Frameworks",
					"@loader_path/../Frameworks",
				);
				PRODUCT_BUNDLE_IDENTIFIER = io.chronos.ChronosTests;
				SDKROOT = macosx;
				TEST_HOST = "$(BUILT_PRODUCTS_DIR)/Chronos.app/Contents/MacOS/Chronos";
			};
			name = Debug;
		};
		5950F45758D4B0084DE5F92A /* Release */ = {
			isa = XCBuildConfiguration;
			buildSettings = {
				BUNDLE_LOADER = "$(TEST_HOST)";
				CODE_SIGN_IDENTITY = "-";
				COMBINE_HIDPI_IMAGES = YES;
				GENERATE_INFOPLIST_FILE = YES;
				LD_RUNPATH_SEARCH_PATHS = (
					"$(inherited)",
					"@executable_path/../Frameworks",
					"@loader_path/../Frameworks",
				);
				PRODUCT_BUNDLE_IDENTIFIER = io.chronos.ChronosTests;
				SDKROOT = macosx;
				TEST_HOST = "$(BUILT_PRODUCTS_DIR)/Chronos.app/Contents/MacOS/Chronos";
			};
			name = Release;
		};
		620F5AFC740BA05CFCE0CF53 /* Release */ = {
			isa = XCBuildConfiguration;
			buildSettings = {
				ALWAYS_SEARCH_USER_PATHS = NO;
				CLANG_ANALYZER_NONNULL = YES;
				CLANG_ANALYZER_NUMBER_OBJECT_CONVERSION = YES_AGGRESSIVE;
				CLANG_CXX_LANGUAGE_STANDARD = "gnu++14";
				CLANG_CXX_LIBRARY = "libc++";
				CLANG_ENABLE_MODULES = YES;
				CLANG_ENABLE_OBJC_ARC = YES;
				CLANG_ENABLE_OBJC_WEAK = YES;
				CLANG_WARN_BLOCK_CAPTURE_AUTORELEASING = YES;
				CLANG_WARN_BOOL_CONVERSION = YES;
				CLANG_WARN_COMMA = YES;
				CLANG_WARN_CONSTANT_CONVERSION = YES;
				CLANG_WARN_DEPRECATED_OBJC_IMPLEMENTATIONS = YES;
				CLANG_WARN_DIRECT_OBJC_ISA_USAGE = YES_ERROR;
				CLANG_WARN_DOCUMENTATION_COMMENTS = YES;
				CLANG_WARN_EMPTY_BODY = YES;
				CLANG_WARN_ENUM_CONVERSION = YES;
				CLANG_WARN_INFINITE_RECURSION = YES;
				CLANG_WARN_INT_CONVERSION = YES;
				CLANG_WARN_NON_LITERAL_NULL_CONVERSION = YES;
				CLANG_WARN_OBJC_IMPLICIT_RETAIN_SELF = YES;
				CLANG_WARN_OBJC_LITERAL_CONVERSION = YES;
				CLANG_WARN_OBJC_ROOT_CLASS = YES_ERROR;
				CLANG_WARN_QUOTED_INCLUDE_IN_FRAMEWORK_HEADER = YES;
				CLANG_WARN_RANGE_LOOP_ANALYSIS = YES;
				CLANG_WARN_STRICT_PROTOTYPES = YES;
				CLANG_WARN_SUSPICIOUS_MOVE = YES;
				CLANG_WARN_UNGUARDED_AVAILABILITY = YES_AGGRESSIVE;
				CLANG_WARN_UNREACHABLE_CODE = YES;
				CLANG_WARN__DUPLICATE_METHOD_MATCH = YES;
				CODE_SIGN_IDENTITY = "-";
				CODE_SIGN_STYLE = Manual;
				COPY_PHASE_STRIP = NO;
				CURRENT_PROJECT_VERSION = 1;
				DEAD_CODE_STRIPPING = YES;
				DEBUG_INFORMATION_FORMAT = "dwarf-with-dsym";
				DEVELOPMENT_TEAM = "";
				ENABLE_APP_SANDBOX = NO;
				ENABLE_HARDENED_RUNTIME = YES;
				ENABLE_NS_ASSERTIONS = NO;
				ENABLE_STRICT_OBJC_MSGSEND = YES;
				GCC_C_LANGUAGE_STANDARD = gnu11;
				GCC_NO_COMMON_BLOCKS = YES;
				GCC_WARN_64_TO_32_BIT_CONVERSION = YES;
				GCC_WARN_ABOUT_RETURN_TYPE = YES_ERROR;
				GCC_WARN_UNDECLARED_SELECTOR = YES;
				GCC_WARN_UNINITIALIZED_AUTOS = YES_AGGRESSIVE;
				GCC_WARN_UNUSED_FUNCTION = YES;
				GCC_WARN_UNUSED_VARIABLE = YES;
				MACOSX_DEPLOYMENT_TARGET = 14.0;
				MARKETING_VERSION = 0.1.0;
				MTL_ENABLE_DEBUG_INFO = NO;
				MTL_FAST_MATH = YES;
				PRODUCT_NAME = "$(TARGET_NAME)";
				SDKROOT = macosx;
				SWIFT_COMPILATION_MODE = wholemodule;
				SWIFT_OPTIMIZATION_LEVEL = "-O";
				SWIFT_STRICT_CONCURRENCY = complete;
				SWIFT_VERSION = 6.0;
			};
			name = Release;
		};
		687212B66FD875232A1BA25F /* Debug */ = {
			isa = XCBuildConfiguration;
			buildSettings = {
				ASSETCATALOG_COMPILER_APPICON_NAME = AppIcon;
				ASSETCATALOG_COMPILER_GLOBAL_ACCENT_COLOR_NAME = AccentColor;
				COMBINE_HIDPI_IMAGES = YES;
				INFOPLIST_FILE = Chronos/Resources/Info.plist;
				LD_RUNPATH_SEARCH_PATHS = (
					"$(inherited)",
					"@executable_path/../Frameworks",
				);
				PRODUCT_BUNDLE_IDENTIFIER = io.chronos.Chronos;
				PRODUCT_NAME = Chronos;
				SDKROOT = macosx;
			};
			name = Debug;
		};
/* End XCBuildConfiguration section */

/* Begin XCConfigurationList section */
		0F41E70EE14FA321492628DE /* Build configuration list for PBXProject "Chronos" */ = {
			isa = XCConfigurationList;
			buildConfigurations = (
				3125C13BCBC080E209097D26 /* Debug */,
				620F5AFC740BA05CFCE0CF53 /* Release */,
			);
			defaultConfigurationIsVisible = 0;
			defaultConfigurationName = Debug;
		};
		B784A70DEAC5A6DAD8B00C10 /* Build configuration list for PBXNativeTarget "Chronos" */ = {
			isa = XCConfigurationList;
			buildConfigurations = (
				687212B66FD875232A1BA25F /* Debug */,
				4CF6D6F7A38EA4D110AC61CA /* Release */,
			);
			defaultConfigurationIsVisible = 0;
			defaultConfigurationName = Debug;
		};
		C36FEDC791AA727A153F063F /* Build configuration list for PBXNativeTarget "ChronosTests" */ = {
			isa = XCConfigurationList;
			buildConfigurations = (
				4D5A8B4CED369693FF5F80D6 /* Debug */,
				5950F45758D4B0084DE5F92A /* Release */,
			);
			defaultConfigurationIsVisible = 0;
			defaultConfigurationName = Debug;
		};
/* End XCConfigurationList section */
	};
	rootObject = C6FB1846F97FA4CDD3C8DDEF /* Project object */;
}
